
Microsoft Visual Studio Solution File, Format Version 12.00
# Visual Studio Version 17
VisualStudioVersion = 17.1.32228.430
MinimumVisualStudioVersion = 10.0.40219.1
Project("{FAE04EC0-301F-11D3-BF4B-00C04F79EFBC}") = "Payroll", "Payroll\Payroll.csproj", "{CDE7104B-375B-4832-9CB9-B4292AA939AB}"
EndProject
Global
	GlobalSection(SolutionConfigurationPlatforms) = preSolution
		Debug|Any CPU = Debug|Any CPU
		Release|Any CPU = Release|Any CPU
	EndGlobalSection
	GlobalSection(ProjectConfigurationPlatforms) = postSolution
		{CDE7104B-375B-4832-9CB9-B4292AA939AB}.Debug|Any CPU.ActiveCfg = Debug|Any CPU
		{CDE7104B-375B-4832-9CB9-B4292AA939AB}.Debug|Any CPU.Build.0 = Debug|Any CPU
		{CDE7104B-375B-4832-9CB9-B4292AA939AB}.Release|Any CPU.ActiveCfg = Release|Any CPU
		{CDE7104B-375B-4832-9CB9-B4292AA939AB}.Release|Any CPU.Build.0 = Release|Any CPU
	EndGlobalSection
	GlobalSection(SolutionProperties) = preSolution
		HideSolutionNode = FALSE
	EndGlobalSection
	GlobalSection(ExtensibilityGlobals) = postSolution
		SolutionGuid = {2266381E-A3F6-489A-8600-98DA0F844759}
	EndGlobalSection
EndGlobal
